
Microsoft Visual Studio Solution File, Format Version 11.00
# Visual Studio 2010
Project("{8BC9CEB8-8B4A-11D0-8D11-00A0C91BC942}") = "cg1_ex1", "cg1_ex1.vcxproj", "{9672A5C7-BD0C-A6F7-C1E2-7F0C839AAFEB}"
EndProject
Global
	GlobalSection(SolutionConfigurationPlatforms) = preSolution
		Debug|Win32 = Debug|Win32
		Release|Win32 = Release|Win32
	EndGlobalSection
	GlobalSection(ProjectConfigurationPlatforms) = postSolution
		{9672A5C7-BD0C-A6F7-C1E2-7F0C839AAFEB}.Debug|Win32.ActiveCfg = Debug|Win32
		{9672A5C7-BD0C-A6F7-C1E2-7F0C839AAFEB}.Debug|Win32.Build.0 = Debug|Win32
		{9672A5C7-BD0C-A6F7-C1E2-7F0C839AAFEB}.Release|Win32.ActiveCfg = Release|Win32
		{9672A5C7-BD0C-A6F7-C1E2-7F0C839AAFEB}.Release|Win32.Build.0 = Release|Win32
	EndGlobalSection
	GlobalSection(SolutionProperties) = preSolution
		HideSolutionNode = FALSE
	EndGlobalSection
EndGlobal
